// !$*UTF8*$!
{
	archiveVersion = 1;
	classes = {
	};
	objectVersion = 60;
	objects = {

/* Begin PBXBuildFile section */
		D10000000000000000000021 /* NewYorkFlyoverApp.swift in Sources */ = {isa = PBXBuildFile; fileRef = D10000000000000000000020 /* NewYorkFlyoverApp.swift */; };
		D10000000000000000000023 /* NewYorkStoryboard.swift in Sources */ = {isa = PBXBuildFile; fileRef = D10000000000000000000022 /* NewYorkStoryboard.swift */; };
		D10000000000000000000003 /* ImmersiveMap in Frameworks */ = {isa = PBXBuildFile; productRef = D10000000000000000000004 /* ImmersiveMap */; };
/* End PBXBuildFile section */

/* Begin PBXFileReference section */
		D10000000000000000000020 /* NewYorkFlyoverApp.swift */ = {isa = PBXFileReference; lastKnownFileType = sourcecode.swift; path = NewYorkFlyoverApp.swift; sourceTree = "<group>"; };
		D10000000000000000000022 /* NewYorkStoryboard.swift */ = {isa = PBXFileReference; lastKnownFileType = sourcecode.swift; path = NewYorkStoryboard.swift; sourceTree = "<group>"; };
		D10000000000000000000005 /* NewYorkFlyover.app */ = {isa = PBXFileReference; explicitFileType = wrapper.application; includeInIndex = 0; path = NewYorkFlyover.app; sourceTree = BUILT_PRODUCTS_DIR; };
/* End PBXFileReference section */

/* Begin PBXFrameworksBuildPhase section */
		D10000000000000000000006 /* Frameworks */ = {
			isa = PBXFrameworksBuildPhase;
			buildActionMask = 2147483647;
			files = (
				D10000000000000000000003 /* ImmersiveMap in Frameworks */,
			);
			runOnlyForDeploymentPostprocessing = 0;
		};
/* End PBXFrameworksBuildPhase section */

/* Begin PBXGroup section */
		D10000000000000000000007 = {
			isa = PBXGroup;
			children = (
				D10000000000000000000008 /* NewYorkFlyover */,
				D10000000000000000000009 /* Products */,
			);
			sourceTree = "<group>";
		};
		D10000000000000000000008 /* NewYorkFlyover */ = {
			isa = PBXGroup;
			children = (
				D10000000000000000000020 /* NewYorkFlyoverApp.swift */,
				D10000000000000000000022 /* NewYorkStoryboard.swift */,
			);
			path = NewYorkFlyover;
			sourceTree = "<group>";
		};
		D10000000000000000000009 /* Products */ = {
			isa = PBXGroup;
			children = (
				D10000000000000000000005 /* NewYorkFlyover.app */,
			);
			name = Products;
			sourceTree = "<group>";
		};
/* End PBXGroup section */

/* Begin PBXNativeTarget section */
		D1000000000000000000000A /* NewYorkFlyover */ = {
			isa = PBXNativeTarget;
			buildConfigurationList = D1000000000000000000000B /* Build configuration list for PBXNativeTarget "NewYorkFlyover" */;
			buildPhases = (
				D1000000000000000000000C /* Sources */,
				D10000000000000000000006 /* Frameworks */,
				D1000000000000000000000D /* Resources */,
			);
			buildRules = (
			);
			dependencies = (
			);
			name = NewYorkFlyover;
			packageProductDependencies = (
				D10000000000000000000004 /* ImmersiveMap */,
			);
			productName = NewYorkFlyover;
			productReference = D10000000000000000000005 /* NewYorkFlyover.app */;
			productType = "com.apple.product-type.application";
		};
/* End PBXNativeTarget section */

/* Begin PBXProject section */
		D1000000000000000000000E /* Project object */ = {
			isa = PBXProject;
			attributes = {
				BuildIndependentTargetsInParallel = 1;
				LastSwiftUpdateCheck = 2600;
				LastUpgradeCheck = 2600;
				TargetAttributes = {
					D1000000000000000000000A = {
						CreatedOnToolsVersion = 26.0;
					};
				};
			};
			buildConfigurationList = D1000000000000000000000F /* Build configuration list for PBXProject "NewYorkFlyover" */;
			compatibilityVersion = "Xcode 14.0";
			developmentRegion = en;
			hasScannedForEncodings = 0;
			knownRegions = (
				en,
				Base,
			);
			mainGroup = D10000000000000000000007;
			packageReferences = (
				D10000000000000000000010 /* XCLocalSwiftPackageReference "../../ImmersiveMap" */,
			);
			productRefGroup = D10000000000000000000009 /* Products */;
			projectDirPath = "";
			projectRoot = "";
			targets = (
				D1000000000000000000000A /* NewYorkFlyover */,
			);
		};
/* End PBXProject section */

/* Begin PBXResourcesBuildPhase section */
		D1000000000000000000000D /* Resources */ = {
			isa = PBXResourcesBuildPhase;
			buildActionMask = 2147483647;
			files = (

			);
			runOnlyForDeploymentPostprocessing = 0;
		};
/* End PBXResourcesBuildPhase section */

/* Begin PBXSourcesBuildPhase section */
		D1000000000000000000000C /* Sources */ = {
			isa = PBXSourcesBuildPhase;
			buildActionMask = 2147483647;
			files = (
				D10000000000000000000021 /* NewYorkFlyoverApp.swift in Sources */,
				D10000000000000000000023 /* NewYorkStoryboard.swift in Sources */,
			);
			runOnlyForDeploymentPostprocessing = 0;
		};
/* End PBXSourcesBuildPhase section */

/* Begin XCBuildConfiguration section */
		D10000000000000000000011 /* Debug */ = {
			isa = XCBuildConfiguration;
			buildSettings = {
				ALWAYS_SEARCH_USER_PATHS = NO;
				CLANG_ANALYZER_NONNULL = YES;
				CLANG_ANALYZER_NUMBER_OBJECT_CONVERSION = YES_AGGRESSIVE;
				CLANG_ENABLE_MODULES = YES;
				CLANG_ENABLE_OBJC_ARC = YES;
				CLANG_ENABLE_OBJC_WEAK = YES;
				COPY_PHASE_STRIP = NO;
				DEBUG_INFORMATION_FORMAT = dwarf;
				ENABLE_STRICT_OBJC_MSGSEND = YES;
				ENABLE_TESTABILITY = YES;
				GCC_NO_COMMON_BLOCKS = YES;
				GCC_OPTIMIZATION_LEVEL = 0;
				MACOSX_DEPLOYMENT_TARGET = 15.0;
				LOCALIZATION_PREFERS_STRING_CATALOGS = YES;
				MTL_ENABLE_DEBUG_INFO = INCLUDE_SOURCE;
				MTL_FAST_MATH = YES;
				ONLY_ACTIVE_ARCH = YES;
				SDKROOT = macosx;
				SWIFT_ACTIVE_COMPILATION_CONDITIONS = "DEBUG $(inherited)";
				SWIFT_OPTIMIZATION_LEVEL = "-Onone";
			};
			name = Debug;
		};
		D10000000000000000000012 /* Release */ = {
			isa = XCBuildConfiguration;
			buildSettings = {
				ALWAYS_SEARCH_USER_PATHS = NO;
				CLANG_ANALYZER_NONNULL = YES;
				CLANG_ANALYZER_NUMBER_OBJECT_CONVERSION = YES_AGGRESSIVE;
				CLANG_ENABLE_MODULES = YES;
				CLANG_ENABLE_OBJC_ARC = YES;
				CLANG_ENABLE_OBJC_WEAK = YES;
				COPY_PHASE_STRIP = NO;
				DEBUG_INFORMATION_FORMAT = "dwarf-with-dsym";
				ENABLE_NS_ASSERTIONS = NO;
				ENABLE_STRICT_OBJC_MSGSEND = YES;
				GCC_NO_COMMON_BLOCKS = YES;
				MACOSX_DEPLOYMENT_TARGET = 15.0;
				LOCALIZATION_PREFERS_STRING_CATALOGS = YES;
				MTL_ENABLE_DEBUG_INFO = NO;
				MTL_FAST_MATH = YES;
				ONLY_ACTIVE_ARCH = YES;
				SDKROOT = macosx;
				SWIFT_COMPILATION_MODE = wholemodule;
				VALIDATE_PRODUCT = YES;
			};
			name = Release;
		};
		D10000000000000000000013 /* Debug */ = {
			isa = XCBuildConfiguration;
			buildSettings = {
				"CODE_SIGN_IDENTITY[sdk=macosx*]" = "Apple Development";
				CODE_SIGN_STYLE = Automatic;
				CURRENT_PROJECT_VERSION = 1;
				DEVELOPMENT_TEAM = B2MWFA6UQ8;
				ENABLE_PREVIEWS = YES;
				GENERATE_INFOPLIST_FILE = YES;
				ENABLE_HARDENED_RUNTIME = YES;
				LD_RUNPATH_SEARCH_PATHS = (
					"$(inherited)",
					"@executable_path/../Frameworks",
				);
				MARKETING_VERSION = 1.0;
				PRODUCT_BUNDLE_IDENTIFIER = com.artembobkin.NewYorkFlyover;
				PRODUCT_NAME = "$(TARGET_NAME)";
				SWIFT_EMIT_LOC_STRINGS = YES;
				SWIFT_VERSION = 5.0;
			};
			name = Debug;
		};
		D10000000000000000000014 /* Release */ = {
			isa = XCBuildConfiguration;
			buildSettings = {
				"CODE_SIGN_IDENTITY[sdk=macosx*]" = "Apple Development";
				CODE_SIGN_STYLE = Automatic;
				CURRENT_PROJECT_VERSION = 1;
				DEVELOPMENT_TEAM = B2MWFA6UQ8;
				ENABLE_PREVIEWS = YES;
				GENERATE_INFOPLIST_FILE = YES;
				ENABLE_HARDENED_RUNTIME = YES;
				LD_RUNPATH_SEARCH_PATHS = (
					"$(inherited)",
					"@executable_path/../Frameworks",
				);
				MARKETING_VERSION = 1.0;
				PRODUCT_BUNDLE_IDENTIFIER = com.artembobkin.NewYorkFlyover;
				PRODUCT_NAME = "$(TARGET_NAME)";
				SWIFT_EMIT_LOC_STRINGS = YES;
				SWIFT_VERSION = 5.0;
			};
			name = Release;
		};
/* End XCBuildConfiguration section */

/* Begin XCConfigurationList section */
		D1000000000000000000000B /* Build configuration list for PBXNativeTarget "NewYorkFlyover" */ = {
			isa = XCConfigurationList;
			buildConfigurations = (
				D10000000000000000000013 /* Debug */,
				D10000000000000000000014 /* Release */,
			);
			defaultConfigurationIsVisible = 0;
			defaultConfigurationName = Release;
		};
		D1000000000000000000000F /* Build configuration list for PBXProject "NewYorkFlyover" */ = {
			isa = XCConfigurationList;
			buildConfigurations = (
				D10000000000000000000011 /* Debug */,
				D10000000000000000000012 /* Release */,
			);
			defaultConfigurationIsVisible = 0;
			defaultConfigurationName = Release;
		};
/* End XCConfigurationList section */

/* Begin XCLocalSwiftPackageReference section */
		D10000000000000000000010 /* XCLocalSwiftPackageReference "../../ImmersiveMap" */ = {
			isa = XCLocalSwiftPackageReference;
			relativePath = ../../ImmersiveMap;
		};
/* End XCLocalSwiftPackageReference section */

/* Begin XCSwiftPackageProductDependency section */
		D10000000000000000000004 /* ImmersiveMap */ = {
			isa = XCSwiftPackageProductDependency;
			package = D10000000000000000000010 /* XCLocalSwiftPackageReference "../../ImmersiveMap" */;
			productName = ImmersiveMap;
		};
/* End XCSwiftPackageProductDependency section */
	};
	rootObject = D1000000000000000000000E /* Project object */;
}
